{
  "pins" : [
    {
      "identity" : "sfsafesymbols",
      "kind" : "remoteSourceControl",
      "location" : "https://github.com/castor-browser/SFSafeSymbols.git",
      "state" : {
        "revision" : "40b515cfc63ac7a62ed8ea6fe1a2ad318e83ac34",
        "version" : "7.0.1"
      }
    }
  ],
  "version" : 2
}
